
Microsoft Visual Studio Solution File, Format Version 12.00
# Visual Studio Version 16
VisualStudioVersion = 16.0.29215.179
MinimumVisualStudioVersion = 10.0.40219.1
Project("{FAE04EC0-301F-11D3-BF4B-00C04F79EFBC}") = "PlantillaMobile.Android", "PlantillaMobile\PlantillaMobile.Android\PlantillaMobile.Android.csproj", "{C5B089D5-53C8-42D3-ACA1-D8EAFFE9E016}"
EndProject
Project("{FAE04EC0-301F-11D3-BF4B-00C04F79EFBC}") = "PlantillaMobile", "PlantillaMobile\PlantillaMobile\PlantillaMobile.csproj", "{A16DA129-1293-4EEE-ABC2-C9B8A5ED40E7}"
EndProject
Global
	GlobalSection(SolutionConfigurationPlatforms) = preSolution
		Debug|Any CPU = Debug|Any CPU
		Release|Any CPU = Release|Any CPU
	EndGlobalSection
	GlobalSection(ProjectConfigurationPlatforms) = postSolution
		{C5B089D5-53C8-42D3-ACA1-D8EAFFE9E016}.Debug|Any CPU.ActiveCfg = Debug|Any CPU
		{C5B089D5-53C8-42D3-ACA1-D8EAFFE9E016}.Debug|Any CPU.Build.0 = Debug|Any CPU
		{C5B089D5-53C8-42D3-ACA1-D8EAFFE9E016}.Debug|Any CPU.Deploy.0 = Debug|Any CPU
		{C5B089D5-53C8-42D3-ACA1-D8EAFFE9E016}.Release|Any CPU.ActiveCfg = Release|Any CPU
		{C5B089D5-53C8-42D3-ACA1-D8EAFFE9E016}.Release|Any CPU.Build.0 = Release|Any CPU
		{C5B089D5-53C8-42D3-ACA1-D8EAFFE9E016}.Release|Any CPU.Deploy.0 = Release|Any CPU
		{A16DA129-1293-4EEE-ABC2-C9B8A5ED40E7}.Debug|Any CPU.ActiveCfg = Debug|Any CPU
		{A16DA129-1293-4EEE-ABC2-C9B8A5ED40E7}.Debug|Any CPU.Build.0 = Debug|Any CPU
		{A16DA129-1293-4EEE-ABC2-C9B8A5ED40E7}.Debug|Any CPU.Deploy.0 = Debug|Any CPU
		{A16DA129-1293-4EEE-ABC2-C9B8A5ED40E7}.Release|Any CPU.ActiveCfg = Release|Any CPU
		{A16DA129-1293-4EEE-ABC2-C9B8A5ED40E7}.Release|Any CPU.Build.0 = Release|Any CPU
		{A16DA129-1293-4EEE-ABC2-C9B8A5ED40E7}.Release|Any CPU.Deploy.0 = Release|Any CPU
	EndGlobalSection
	GlobalSection(SolutionProperties) = preSolution
		HideSolutionNode = FALSE
	EndGlobalSection
	GlobalSection(ExtensibilityGlobals) = postSolution
		SolutionGuid = {8BDC8590-E303-45C3-A083-59811C15D8E5}
	EndGlobalSection
EndGlobal
